
Microsoft Visual Studio Solution File, Format Version 12.00
# Visual Studio Version 17
VisualStudioVersion = 17.0.31903.59
MinimumVisualStudioVersion = 10.0.40219.1
Project("{FAE04EC0-301F-11D3-BF4B-00C04F79EFBC}") = "EasyLog", "EasyLog\EasyLog.csproj", "{00E51E5E-42EA-4810-985B-AD3B1AE9E30F}"
EndProject
Project("{FAE04EC0-301F-11D3-BF4B-00C04F79EFBC}") = "EasyLogTest", "EasyLogTest\EasyLogTest.csproj", "{2A5A0825-ECED-45B3-9294-C693298FCFC9}"
EndProject
Project("{FAE04EC0-301F-11D3-BF4B-00C04F79EFBC}") = "EasySave", "EasySave\EasySave.csproj", "{2859F7E3-92E1-494A-86E0-3C8D90757CA3}"
EndProject
Project("{FAE04EC0-301F-11D3-BF4B-00C04F79EFBC}") = "EasySaveTest", "EasySaveTest\EasySaveTest.csproj", "{C18785CF-E8DF-4A6B-B83E-5265E8B54379}"
EndProject
Global
	GlobalSection(SolutionConfigurationPlatforms) = preSolution
		Debug|Any CPU = Debug|Any CPU
		Debug|x64 = Debug|x64
		Debug|x86 = Debug|x86
		Release|Any CPU = Release|Any CPU
		Release|x64 = Release|x64
		Release|x86 = Release|x86
	EndGlobalSection
	GlobalSection(ProjectConfigurationPlatforms) = postSolution
		{00E51E5E-42EA-4810-985B-AD3B1AE9E30F}.Debug|Any CPU.ActiveCfg = Debug|Any CPU
		{00E51E5E-42EA-4810-985B-AD3B1AE9E30F}.Debug|Any CPU.Build.0 = Debug|Any CPU
		{00E51E5E-42EA-4810-985B-AD3B1AE9E30F}.Debug|x64.ActiveCfg = Debug|Any CPU
		{00E51E5E-42EA-4810-985B-AD3B1AE9E30F}.Debug|x64.Build.0 = Debug|Any CPU
		{00E51E5E-42EA-4810-985B-AD3B1AE9E30F}.Debug|x86.ActiveCfg = Debug|Any CPU
		{00E51E5E-42EA-4810-985B-AD3B1AE9E30F}.Debug|x86.Build.0 = Debug|Any CPU
		{00E51E5E-42EA-4810-985B-AD3B1AE9E30F}.Release|Any CPU.ActiveCfg = Release|Any CPU
		{00E51E5E-42EA-4810-985B-AD3B1AE9E30F}.Release|Any CPU.Build.0 = Release|Any CPU
		{00E51E5E-42EA-4810-985B-AD3B1AE9E30F}.Release|x64.ActiveCfg = Release|Any CPU
		{00E51E5E-42EA-4810-985B-AD3B1AE9E30F}.Release|x64.Build.0 = Release|Any CPU
		{00E51E5E-42EA-4810-985B-AD3B1AE9E30F}.Release|x86.ActiveCfg = Release|Any CPU
		{00E51E5E-42EA-4810-985B-AD3B1AE9E30F}.Release|x86.Build.0 = Release|Any CPU
		{2A5A0825-ECED-45B3-9294-C693298FCFC9}.Debug|Any CPU.ActiveCfg = Debug|Any CPU
		{2A5A0825-ECED-45B3-9294-C693298FCFC9}.Debug|Any CPU.Build.0 = Debug|Any CPU
		{2A5A0825-ECED-45B3-9294-C693298FCFC9}.Debug|x64.ActiveCfg = Debug|Any CPU
		{2A5A0825-ECED-45B3-9294-C693298FCFC9}.Debug|x64.Build.0 = Debug|Any CPU
		{2A5A0825-ECED-45B3-9294-C693298FCFC9}.Debug|x86.ActiveCfg = Debug|Any CPU
		{2A5A0825-ECED-45B3-9294-C693298FCFC9}.Debug|x86.Build.0 = Debug|Any CPU
		{2A5A0825-ECED-45B3-9294-C693298FCFC9}.Release|Any CPU.ActiveCfg = Release|Any CPU
		{2A5A0825-ECED-45B3-9294-C693298FCFC9}.Release|Any CPU.Build.0 = Release|Any CPU
		{2A5A0825-ECED-45B3-9294-C693298FCFC9}.Release|x64.ActiveCfg = Release|Any CPU
		{2A5A0825-ECED-45B3-9294-C693298FCFC9}.Release|x64.Build.0 = Release|Any CPU
		{2A5A0825-ECED-45B3-9294-C693298FCFC9}.Release|x86.ActiveCfg = Release|Any CPU
		{2A5A0825-ECED-45B3-9294-C693298FCFC9}.Release|x86.Build.0 = Release|Any CPU
		{2859F7E3-92E1-494A-86E0-3C8D90757CA3}.Debug|Any CPU.ActiveCfg = Debug|Any CPU
		{2859F7E3-92E1-494A-86E0-3C8D90757CA3}.Debug|Any CPU.Build.0 = Debug|Any CPU
		{2859F7E3-92E1-494A-86E0-3C8D90757CA3}.Debug|x64.ActiveCfg = Debug|Any CPU
		{2859F7E3-92E1-494A-86E0-3C8D90757CA3}.Debug|x64.Build.0 = Debug|Any CPU
		{2859F7E3-92E1-494A-86E0-3C8D90757CA3}.Debug|x86.ActiveCfg = Debug|Any CPU
		{2859F7E3-92E1-494A-86E0-3C8D90757CA3}.Debug|x86.Build.0 = Debug|Any CPU
		{2859F7E3-92E1-494A-86E0-3C8D90757CA3}.Release|Any CPU.ActiveCfg = Release|Any CPU
		{2859F7E3-92E1-494A-86E0-3C8D90757CA3}.Release|Any CPU.Build.0 = Release|Any CPU
		{2859F7E3-92E1-494A-86E0-3C8D90757CA3}.Release|x64.ActiveCfg = Release|Any CPU
		{2859F7E3-92E1-494A-86E0-3C8D90757CA3}.Release|x64.Build.0 = Release|Any CPU
		{2859F7E3-92E1-494A-86E0-3C8D90757CA3}.Release|x86.ActiveCfg = Release|Any CPU
		{2859F7E3-92E1-494A-86E0-3C8D90757CA3}.Release|x86.Build.0 = Release|Any CPU
		{C18785CF-E8DF-4A6B-B83E-5265E8B54379}.Debug|Any CPU.ActiveCfg = Debug|Any CPU
		{C18785CF-E8DF-4A6B-B83E-5265E8B54379}.Debug|Any CPU.Build.0 = Debug|Any CPU
		{C18785CF-E8DF-4A6B-B83E-5265E8B54379}.Debug|x64.ActiveCfg = Debug|Any CPU
		{C18785CF-E8DF-4A6B-B83E-5265E8B54379}.Debug|x64.Build.0 = Debug|Any CPU
		{C18785CF-E8DF-4A6B-B83E-5265E8B54379}.Debug|x86.ActiveCfg = Debug|Any CPU
		{C18785CF-E8DF-4A6B-B83E-5265E8B54379}.Debug|x86.Build.0 = Debug|Any CPU
		{C18785CF-E8DF-4A6B-B83E-5265E8B54379}.Release|Any CPU.ActiveCfg = Release|Any CPU
		{C18785CF-E8DF-4A6B-B83E-5265E8B54379}.Release|Any CPU.Build.0 = Release|Any CPU
		{C18785CF-E8DF-4A6B-B83E-5265E8B54379}.Release|x64.ActiveCfg = Release|Any CPU
		{C18785CF-E8DF-4A6B-B83E-5265E8B54379}.Release|x64.Build.0 = Release|Any CPU
		{C18785CF-E8DF-4A6B-B83E-5265E8B54379}.Release|x86.ActiveCfg = Release|Any CPU
		{C18785CF-E8DF-4A6B-B83E-5265E8B54379}.Release|x86.Build.0 = Release|Any CPU
	EndGlobalSection
	GlobalSection(SolutionProperties) = preSolution
		HideSolutionNode = FALSE
	EndGlobalSection
EndGlobal
